
Microsoft Visual Studio Solution File, Format Version 12.00
# Visual Studio Version 17
VisualStudioVersion = 17.5.002.0
MinimumVisualStudioVersion = 10.0.40219.1
Project("{2150E333-8FDC-42A3-9474-1A3956D46DE8}") = "csharp-prep", "csharp-prep", "{A18A3838-5DC3-4C47-A148-886F78827B9E}"
EndProject
Project("{9A19103F-16F7-4668-BE54-9A1E7A4F7556}") = "Prep1", "csharp-prep\Prep1\Prep1.csproj", "{6FEDA6BE-613D-4CB1-845D-FBA69900DF9C}"
EndProject
Project("{9A19103F-16F7-4668-BE54-9A1E7A4F7556}") = "Prep2", "csharp-prep\Prep2\Prep2.csproj", "{6EC1401C-B2FC-4589-B02B-6D2FD53CE04C}"
EndProject
Project("{9A19103F-16F7-4668-BE54-9A1E7A4F7556}") = "Prep3", "csharp-prep\Prep3\Prep3.csproj", "{AF6F6A21-93DF-474B-A944-AF272B5C02D8}"
EndProject
Project("{9A19103F-16F7-4668-BE54-9A1E7A4F7556}") = "Prep4", "csharp-prep\Prep4\Prep4.csproj", "{5888BABE-6099-4877-A236-6BF6926E72FE}"
EndProject
Project("{9A19103F-16F7-4668-BE54-9A1E7A4F7556}") = "Prep5", "csharp-prep\Prep5\Prep5.csproj", "{F99BA19B-2650-491E-8EF3-A5EC24F9EF4A}"
EndProject
Project("{2150E333-8FDC-42A3-9474-1A3956D46DE8}") = "final", "final", "{27B65DF1-E9B3-484C-B8E2-B198FA55A5FD}"
EndProject
Project("{9A19103F-16F7-4668-BE54-9A1E7A4F7556}") = "FinalProject", "final\FinalProject\FinalProject.csproj", "{CA07CDE8-5659-476B-A7AD-07DB012B5B25}"
EndProject
Project("{9A19103F-16F7-4668-BE54-9A1E7A4F7556}") = "Foundation1", "final\Foundation1\Foundation1.csproj", "{37604BB5-9EE1-4FE2-A30A-70E2BFF06AC6}"
EndProject
Project("{9A19103F-16F7-4668-BE54-9A1E7A4F7556}") = "Foundation2", "final\Foundation2\Foundation2.csproj", "{66109899-39C5-4B16-B634-4C1577F4761B}"
EndProject
Project("{9A19103F-16F7-4668-BE54-9A1E7A4F7556}") = "Foundation3", "final\Foundation3\Foundation3.csproj", "{54619DB9-20F8-46E8-8C71-5E8C5DF2FB0C}"
EndProject
Project("{9A19103F-16F7-4668-BE54-9A1E7A4F7556}") = "Foundation4", "final\Foundation4\Foundation4.csproj", "{9ED7B74F-F4DD-437B-8612-094403EADE75}"
EndProject
Project("{2150E333-8FDC-42A3-9474-1A3956D46DE8}") = "prepare", "prepare", "{F5449CDE-C127-4A60-B15D-6F9E54F466AB}"
EndProject
Project("{9A19103F-16F7-4668-BE54-9A1E7A4F7556}") = "Learning02", "prepare\Learning02\Learning02.csproj", "{5A42A55C-973D-4BBB-B592-CF9DB8935F20}"
EndProject
Project("{9A19103F-16F7-4668-BE54-9A1E7A4F7556}") = "Learning03", "prepare\Learning03\Learning03.csproj", "{5E1BD1FD-F084-4B86-9914-F57625CBE7D4}"
EndProject
Project("{9A19103F-16F7-4668-BE54-9A1E7A4F7556}") = "Learning04", "prepare\Learning04\Learning04.csproj", "{DC4638E9-4FEB-4141-B079-2B785347CFCC}"
EndProject
Project("{9A19103F-16F7-4668-BE54-9A1E7A4F7556}") = "Learning05", "prepare\Learning05\Learning05.csproj", "{8053C320-75B3-4F56-AD69-CD008F5A3B3F}"
EndProject
Project("{2150E333-8FDC-42A3-9474-1A3956D46DE8}") = "prove", "prove", "{0CE62D26-74D9-425F-9E6B-18A1DD312039}"
EndProject
Project("{9A19103F-16F7-4668-BE54-9A1E7A4F7556}") = "Develop02", "prove\Develop02\Develop02.csproj", "{048F56DE-4FA8-4F2F-A9AB-B8CE28CEFC21}"
EndProject
Project("{9A19103F-16F7-4668-BE54-9A1E7A4F7556}") = "Develop03", "prove\Develop03\Develop03.csproj", "{14031945-AF3F-4CF9-A46F-CE4F365B61E4}"
EndProject
Project("{9A19103F-16F7-4668-BE54-9A1E7A4F7556}") = "Develop04", "prove\Develop04\Develop04.csproj", "{7E31BD3D-76A4-4FB2-AD85-49A1309AB142}"
EndProject
Project("{9A19103F-16F7-4668-BE54-9A1E7A4F7556}") = "Develop05", "prove\Develop05\Develop05.csproj", "{D279DE3D-0819-4D29-8CDB-1BAB950EDE06}"
EndProject
Project("{2150E333-8FDC-42A3-9474-1A3956D46DE8}") = "sandbox", "sandbox", "{B869D582-A11A-402B-A3A7-56BACA2E67C9}"
EndProject
Project("{9A19103F-16F7-4668-BE54-9A1E7A4F7556}") = "Sandbox", "sandbox\Sandbox\Sandbox.csproj", "{95C61E81-D6C3-4A6F-9164-91D0860AE1EB}"
EndProject
Global
	GlobalSection(SolutionConfigurationPlatforms) = preSolution
		Debug|Any CPU = Debug|Any CPU
		Release|Any CPU = Release|Any CPU
	EndGlobalSection
	GlobalSection(ProjectConfigurationPlatforms) = postSolution
		{6FEDA6BE-613D-4CB1-845D-FBA69900DF9C}.Debug|Any CPU.ActiveCfg = Debug|Any CPU
		{6FEDA6BE-613D-4CB1-845D-FBA69900DF9C}.Debug|Any CPU.Build.0 = Debug|Any CPU
		{6FEDA6BE-613D-4CB1-845D-FBA69900DF9C}.Release|Any CPU.ActiveCfg = Release|Any CPU
		{6FEDA6BE-613D-4CB1-845D-FBA69900DF9C}.Release|Any CPU.Build.0 = Release|Any CPU
		{6EC1401C-B2FC-4589-B02B-6D2FD53CE04C}.Debug|Any CPU.ActiveCfg = Debug|Any CPU
		{6EC1401C-B2FC-4589-B02B-6D2FD53CE04C}.Debug|Any CPU.Build.0 = Debug|Any CPU
		{6EC1401C-B2FC-4589-B02B-6D2FD53CE04C}.Release|Any CPU.ActiveCfg = Release|Any CPU
		{6EC1401C-B2FC-4589-B02B-6D2FD53CE04C}.Release|Any CPU.Build.0 = Release|Any CPU
		{AF6F6A21-93DF-474B-A944-AF272B5C02D8}.Debug|Any CPU.ActiveCfg = Debug|Any CPU
		{AF6F6A21-93DF-474B-A944-AF272B5C02D8}.Debug|Any CPU.Build.0 = Debug|Any CPU
		{AF6F6A21-93DF-474B-A944-AF272B5C02D8}.Release|Any CPU.ActiveCfg = Release|Any CPU
		{AF6F6A21-93DF-474B-A944-AF272B5C02D8}.Release|Any CPU.Build.0 = Release|Any CPU
		{5888BABE-6099-4877-A236-6BF6926E72FE}.Debug|Any CPU.ActiveCfg = Debug|Any CPU
		{5888BABE-6099-4877-A236-6BF6926E72FE}.Debug|Any CPU.Build.0 = Debug|Any CPU
		{5888BABE-6099-4877-A236-6BF6926E72FE}.Release|Any CPU.ActiveCfg = Release|Any CPU
		{5888BABE-6099-4877-A236-6BF6926E72FE}.Release|Any CPU.Build.0 = Release|Any CPU
		{F99BA19B-2650-491E-8EF3-A5EC24F9EF4A}.Debug|Any CPU.ActiveCfg = Debug|Any CPU
		{F99BA19B-2650-491E-8EF3-A5EC24F9EF4A}.Debug|Any CPU.Build.0 = Debug|Any CPU
		{F99BA19B-2650-491E-8EF3-A5EC24F9EF4A}.Release|Any CPU.ActiveCfg = Release|Any CPU
		{F99BA19B-2650-491E-8EF3-A5EC24F9EF4A}.Release|Any CPU.Build.0 = Release|Any CPU
		{CA07CDE8-5659-476B-A7AD-07DB012B5B25}.Debug|Any CPU.ActiveCfg = Debug|Any CPU
		{CA07CDE8-5659-476B-A7AD-07DB012B5B25}.Debug|Any CPU.Build.0 = Debug|Any CPU
		{CA07CDE8-5659-476B-A7AD-07DB012B5B25}.Release|Any CPU.ActiveCfg = Release|Any CPU
		{CA07CDE8-5659-476B-A7AD-07DB012B5B25}.Release|Any CPU.Build.0 = Release|Any CPU
		{37604BB5-9EE1-4FE2-A30A-70E2BFF06AC6}.Debug|Any CPU.ActiveCfg = Debug|Any CPU
		{37604BB5-9EE1-4FE2-A30A-70E2BFF06AC6}.Debug|Any CPU.Build.0 = Debug|Any CPU
		{37604BB5-9EE1-4FE2-A30A-70E2BFF06AC6}.Release|Any CPU.ActiveCfg = Release|Any CPU
		{37604BB5-9EE1-4FE2-A30A-70E2BFF06AC6}.Release|Any CPU.Build.0 = Release|Any CPU
		{66109899-39C5-4B16-B634-4C1577F4761B}.Debug|Any CPU.ActiveCfg = Debug|Any CPU
		{66109899-39C5-4B16-B634-4C1577F4761B}.Debug|Any CPU.Build.0 = Debug|Any CPU
		{66109899-39C5-4B16-B634-4C1577F4761B}.Release|Any CPU.ActiveCfg = Release|Any CPU
		{66109899-39C5-4B16-B634-4C1577F4761B}.Release|Any CPU.Build.0 = Release|Any CPU
		{54619DB9-20F8-46E8-8C71-5E8C5DF2FB0C}.Debug|Any CPU.ActiveCfg = Debug|Any CPU
		{54619DB9-20F8-46E8-8C71-5E8C5DF2FB0C}.Debug|Any CPU.Build.0 = Debug|Any CPU
		{54619DB9-20F8-46E8-8C71-5E8C5DF2FB0C}.Release|Any CPU.ActiveCfg = Release|Any CPU
		{54619DB9-20F8-46E8-8C71-5E8C5DF2FB0C}.Release|Any CPU.Build.0 = Release|Any CPU
		{9ED7B74F-F4DD-437B-8612-094403EADE75}.Debug|Any CPU.ActiveCfg = Debug|Any CPU
		{9ED7B74F-F4DD-437B-8612-094403EADE75}.Debug|Any CPU.Build.0 = Debug|Any CPU
		{9ED7B74F-F4DD-437B-8612-094403EADE75}.Release|Any CPU.ActiveCfg = Release|Any CPU
		{9ED7B74F-F4DD-437B-8612-094403EADE75}.Release|Any CPU.Build.0 = Release|Any CPU
		{5A42A55C-973D-4BBB-B592-CF9DB8935F20}.Debug|Any CPU.ActiveCfg = Debug|Any CPU
		{5A42A55C-973D-4BBB-B592-CF9DB8935F20}.Debug|Any CPU.Build.0 = Debug|Any CPU
		{5A42A55C-973D-4BBB-B592-CF9DB8935F20}.Release|Any CPU.ActiveCfg = Release|Any CPU
		{5A42A55C-973D-4BBB-B592-CF9DB8935F20}.Release|Any CPU.Build.0 = Release|Any CPU
		{5E1BD1FD-F084-4B86-9914-F57625CBE7D4}.Debug|Any CPU.ActiveCfg = Debug|Any CPU
		{5E1BD1FD-F084-4B86-9914-F57625CBE7D4}.Debug|Any CPU.Build.0 = Debug|Any CPU
		{5E1BD1FD-F084-4B86-9914-F57625CBE7D4}.Release|Any CPU.ActiveCfg = Release|Any CPU
		{5E1BD1FD-F084-4B86-9914-F57625CBE7D4}.Release|Any CPU.Build.0 = Release|Any CPU
		{DC4638E9-4FEB-4141-B079-2B785347CFCC}.Debug|Any CPU.ActiveCfg = Debug|Any CPU
		{DC4638E9-4FEB-4141-B079-2B785347CFCC}.Debug|Any CPU.Build.0 = Debug|Any CPU
		{DC4638E9-4FEB-4141-B079-2B785347CFCC}.Release|Any CPU.ActiveCfg = Release|Any CPU
		{DC4638E9-4FEB-4141-B079-2B785347CFCC}.Release|Any CPU.Build.0 = Release|Any CPU
		{8053C320-75B3-4F56-AD69-CD008F5A3B3F}.Debug|Any CPU.ActiveCfg = Debug|Any CPU
		{8053C320-75B3-4F56-AD69-CD008F5A3B3F}.Debug|Any CPU.Build.0 = Debug|Any CPU
		{8053C320-75B3-4F56-AD69-CD008F5A3B3F}.Release|Any CPU.ActiveCfg = Release|Any CPU
		{8053C320-75B3-4F56-AD69-CD008F5A3B3F}.Release|Any CPU.Build.0 = Release|Any CPU
		{048F56DE-4FA8-4F2F-A9AB-B8CE28CEFC21}.Debug|Any CPU.ActiveCfg = Debug|Any CPU
		{048F56DE-4FA8-4F2F-A9AB-B8CE28CEFC21}.Debug|Any CPU.Build.0 = Debug|Any CPU
		{048F56DE-4FA8-4F2F-A9AB-B8CE28CEFC21}.Release|Any CPU.ActiveCfg = Release|Any CPU
		{048F56DE-4FA8-4F2F-A9AB-B8CE28CEFC21}.Release|Any CPU.Build.0 = Release|Any CPU
		{14031945-AF3F-4CF9-A46F-CE4F365B61E4}.Debug|Any CPU.ActiveCfg = Debug|Any CPU
		{14031945-AF3F-4CF9-A46F-CE4F365B61E4}.Debug|Any CPU.Build.0 = Debug|Any CPU
		{14031945-AF3F-4CF9-A46F-CE4F365B61E4}.Release|Any CPU.ActiveCfg = Release|Any CPU
		{14031945-AF3F-4CF9-A46F-CE4F365B61E4}.Release|Any CPU.Build.0 = Release|Any CPU
		{7E31BD3D-76A4-4FB2-AD85-49A1309AB142}.Debug|Any CPU.ActiveCfg = Debug|Any CPU
		{7E31BD3D-76A4-4FB2-AD85-49A1309AB142}.Debug|Any CPU.Build.0 = Debug|Any CPU
		{7E31BD3D-76A4-4FB2-AD85-49A1309AB142}.Release|Any CPU.ActiveCfg = Release|Any CPU
		{7E31BD3D-76A4-4FB2-AD85-49A1309AB142}.Release|Any CPU.Build.0 = Release|Any CPU
		{D279DE3D-0819-4D29-8CDB-1BAB950EDE06}.Debug|Any CPU.ActiveCfg = Debug|Any CPU
		{D279DE3D-0819-4D29-8CDB-1BAB950EDE06}.Debug|Any CPU.Build.0 = Debug|Any CPU
		{D279DE3D-0819-4D29-8CDB-1BAB950EDE06}.Release|Any CPU.ActiveCfg = Release|Any CPU
		{D279DE3D-0819-4D29-8CDB-1BAB950EDE06}.Release|Any CPU.Build.0 = Release|Any CPU
		{95C61E81-D6C3-4A6F-9164-91D0860AE1EB}.Debug|Any CPU.ActiveCfg = Debug|Any CPU
		{95C61E81-D6C3-4A6F-9164-91D0860AE1EB}.Debug|Any CPU.Build.0 = Debug|Any CPU
		{95C61E81-D6C3-4A6F-9164-91D0860AE1EB}.Release|Any CPU.ActiveCfg = Release|Any CPU
		{95C61E81-D6C3-4A6F-9164-91D0860AE1EB}.Release|Any CPU.Build.0 = Release|Any CPU
	EndGlobalSection
	GlobalSection(SolutionProperties) = preSolution
		HideSolutionNode = FALSE
	EndGlobalSection
	GlobalSection(NestedProjects) = preSolution
		{6FEDA6BE-613D-4CB1-845D-FBA69900DF9C} = {A18A3838-5DC3-4C47-A148-886F78827B9E}
		{6EC1401C-B2FC-4589-B02B-6D2FD53CE04C} = {A18A3838-5DC3-4C47-A148-886F78827B9E}
		{AF6F6A21-93DF-474B-A944-AF272B5C02D8} = {A18A3838-5DC3-4C47-A148-886F78827B9E}
		{5888BABE-6099-4877-A236-6BF6926E72FE} = {A18A3838-5DC3-4C47-A148-886F78827B9E}
		{F99BA19B-2650-491E-8EF3-A5EC24F9EF4A} = {A18A3838-5DC3-4C47-A148-886F78827B9E}
		{CA07CDE8-5659-476B-A7AD-07DB012B5B25} = {27B65DF1-E9B3-484C-B8E2-B198FA55A5FD}
		{37604BB5-9EE1-4FE2-A30A-70E2BFF06AC6} = {27B65DF1-E9B3-484C-B8E2-B198FA55A5FD}
		{66109899-39C5-4B16-B634-4C1577F4761B} = {27B65DF1-E9B3-484C-B8E2-B198FA55A5FD}
		{54619DB9-20F8-46E8-8C71-5E8C5DF2FB0C} = {27B65DF1-E9B3-484C-B8E2-B198FA55A5FD}
		{9ED7B74F-F4DD-437B-8612-094403EADE75} = {27B65DF1-E9B3-484C-B8E2-B198FA55A5FD}
		{5A42A55C-973D-4BBB-B592-CF9DB8935F20} = {F5449CDE-C127-4A60-B15D-6F9E54F466AB}
		{5E1BD1FD-F084-4B86-9914-F57625CBE7D4} = {F5449CDE-C127-4A60-B15D-6F9E54F466AB}
		{DC4638E9-4FEB-4141-B079-2B785347CFCC} = {F5449CDE-C127-4A60-B15D-6F9E54F466AB}
		{8053C320-75B3-4F56-AD69-CD008F5A3B3F} = {F5449CDE-C127-4A60-B15D-6F9E54F466AB}
		{048F56DE-4FA8-4F2F-A9AB-B8CE28CEFC21} = {0CE62D26-74D9-425F-9E6B-18A1DD312039}
		{14031945-AF3F-4CF9-A46F-CE4F365B61E4} = {0CE62D26-74D9-425F-9E6B-18A1DD312039}
		{7E31BD3D-76A4-4FB2-AD85-49A1309AB142} = {0CE62D26-74D9-425F-9E6B-18A1DD312039}
		{D279DE3D-0819-4D29-8CDB-1BAB950EDE06} = {0CE62D26-74D9-425F-9E6B-18A1DD312039}
		{95C61E81-D6C3-4A6F-9164-91D0860AE1EB} = {B869D582-A11A-402B-A3A7-56BACA2E67C9}
	EndGlobalSection
	GlobalSection(ExtensibilityGlobals) = postSolution
		SolutionGuid = {21E7B2D0-D035-485F-8E5D-0C6096B0D6C0}
	EndGlobalSection
EndGlobal
